{
  "originHash" : "f54efb199360c3ec342db0212d0b5b03c6e8966a5c354fb6673a01836c02bdda",
  "pins" : [
    {
      "identity" : "swiftformat",
      "kind" : "remoteSourceControl",
      "location" : "https://github.com/nicklockwood/SwiftFormat.git",
      "state" : {
        "revision" : "2226e9d89bf05a604cc985bab3dccb44ff7c8ee3",
        "version" : "0.62.1"
      }
    }
  ],
  "version" : 3
}
